
Microsoft Visual Studio Solution File, Format Version 12.00
# Visual Studio Version 17
VisualStudioVersion = 17.5.002.0
MinimumVisualStudioVersion = 10.0.40219.1
Project("{9A19103F-16F7-4668-BE54-9A1E7A4F7556}") = "clase-3", "clase-3.csproj", "{FAD514DC-33B3-4503-9D09-D711C5A13F91}"
EndProject
Global
	GlobalSection(SolutionConfigurationPlatforms) = preSolution
		Debug|Any CPU = Debug|Any CPU
		Release|Any CPU = Release|Any CPU
	EndGlobalSection
	GlobalSection(ProjectConfigurationPlatforms) = postSolution
		{FAD514DC-33B3-4503-9D09-D711C5A13F91}.Debug|Any CPU.ActiveCfg = Debug|Any CPU
		{FAD514DC-33B3-4503-9D09-D711C5A13F91}.Debug|Any CPU.Build.0 = Debug|Any CPU
		{FAD514DC-33B3-4503-9D09-D711C5A13F91}.Release|Any CPU.ActiveCfg = Release|Any CPU
		{FAD514DC-33B3-4503-9D09-D711C5A13F91}.Release|Any CPU.Build.0 = Release|Any CPU
	EndGlobalSection
	GlobalSection(SolutionProperties) = preSolution
		HideSolutionNode = FALSE
	EndGlobalSection
	GlobalSection(ExtensibilityGlobals) = postSolution
		SolutionGuid = {BBBC6855-331A-4E61-AA05-E2680DF7BDD5}
	EndGlobalSection
EndGlobal
